// !$*UTF8*$!
{
	archiveVersion = 1;
	classes = {
	};
	objectVersion = 56;
	objects = {

/* Begin PBXBuildFile section */
		D5773F1829B2AADD000FB8A2 /* GroceriesApp.swift in Sources */ = {isa = PBXBuildFile; fileRef = D5773F1729B2AADD000FB8A2 /* GroceriesApp.swift */; };
		D5773F1A29B2AADD000FB8A2 /* ContentView.swift in Sources */ = {isa = PBXBuildFile; fileRef = D5773F1929B2AADD000FB8A2 /* ContentView.swift */; };
		D5773F1C29B2AADE000FB8A2 /* Assets.xcassets in Resources */ = {isa = PBXBuildFile; fileRef = D5773F1B29B2AADE000FB8A2 /* Assets.xcassets */; };
		D5773F1F29B2AADE000FB8A2 /* Preview Assets.xcassets in Resources */ = {isa = PBXBuildFile; fileRef = D5773F1E29B2AADE000FB8A2 /* Preview Assets.xcassets */; };
		D5773F2629B2AB29000FB8A2 /* groceryItems.json in Resources */ = {isa = PBXBuildFile; fileRef = D5773F2529B2AB29000FB8A2 /* groceryItems.json */; };
		D5773F2829B2AB40000FB8A2 /* GroceryCategories.swift in Sources */ = {isa = PBXBuildFile; fileRef = D5773F2729B2AB40000FB8A2 /* GroceryCategories.swift */; };
		D5773F2A29B2AB55000FB8A2 /* CustomNavBar.swift in Sources */ = {isa = PBXBuildFile; fileRef = D5773F2929B2AB55000FB8A2 /* CustomNavBar.swift */; };
		D5773F2C29B2AB96000FB8A2 /* CategoryItemView.swift in Sources */ = {isa = PBXBuildFile; fileRef = D5773F2B29B2AB96000FB8A2 /* CategoryItemView.swift */; };
		D5773F2E29B2ABCC000FB8A2 /* GroceryGridView.swift in Sources */ = {isa = PBXBuildFile; fileRef = D5773F2D29B2ABCC000FB8A2 /* GroceryGridView.swift */; };
		D5773F3729B2B9F4000FB8A2 /* GroceryViewModel.swift in Sources */ = {isa = PBXBuildFile; fileRef = D5773F3629B2B9F4000FB8A2 /* GroceryViewModel.swift */; };
		D5773F3929B2BBD4000FB8A2 /* GroceryItemView.swift in Sources */ = {isa = PBXBuildFile; fileRef = D5773F3829B2BBD4000FB8A2 /* GroceryItemView.swift */; };
		D5773F3B29B2D05E000FB8A2 /* CategoryGridView.swift in Sources */ = {isa = PBXBuildFile; fileRef = D5773F3A29B2D05E000FB8A2 /* CategoryGridView.swift */; };
		D57D66F029B519FB0031B219 /* DashboardView.swift in Sources */ = {isa = PBXBuildFile; fileRef = D57D66EF29B519FB0031B219 /* DashboardView.swift */; };
		D57D66F229B51B0E0031B219 /* GroceryView.swift in Sources */ = {isa = PBXBuildFile; fileRef = D57D66F129B51B0E0031B219 /* GroceryView.swift */; };
/* End PBXBuildFile section */

/* Begin PBXFileReference section */
		D5773F1429B2AADD000FB8A2 /* Groceries.app */ = {isa = PBXFileReference; explicitFileType = wrapper.application; includeInIndex = 0; path = Groceries.app; sourceTree = BUILT_PRODUCTS_DIR; };
		D5773F1729B2AADD000FB8A2 /* GroceriesApp.swift */ = {isa = PBXFileReference; lastKnownFileType = sourcecode.swift; path = GroceriesApp.swift; sourceTree = "<group>"; };
		D5773F1929B2AADD000FB8A2 /* ContentView.swift */ = {isa = PBXFileReference; lastKnownFileType = sourcecode.swift; path = ContentView.swift; sourceTree = "<group>"; };
		D5773F1B29B2AADE000FB8A2 /* Assets.xcassets */ = {isa = PBXFileReference; lastKnownFileType = folder.assetcatalog; path = Assets.xcassets; sourceTree = "<group>"; };
		D5773F1E29B2AADE000FB8A2 /* Preview Assets.xcassets */ = {isa = PBXFileReference; lastKnownFileType = folder.assetcatalog; path = "Preview Assets.xcassets"; sourceTree = "<group>"; };
		D5773F2529B2AB29000FB8A2 /* groceryItems.json */ = {isa = PBXFileReference; lastKnownFileType = text.json; path = groceryItems.json; sourceTree = "<group>"; };
		D5773F2729B2AB40000FB8A2 /* GroceryCategories.swift */ = {isa = PBXFileReference; lastKnownFileType = sourcecode.swift; path = GroceryCategories.swift; sourceTree = "<group>"; };
		D5773F2929B2AB55000FB8A2 /* CustomNavBar.swift */ = {isa = PBXFileReference; lastKnownFileType = sourcecode.swift; path = CustomNavBar.swift; sourceTree = "<group>"; };
		D5773F2B29B2AB96000FB8A2 /* CategoryItemView.swift */ = {isa = PBXFileReference; lastKnownFileType = sourcecode.swift; path = CategoryItemView.swift; sourceTree = "<group>"; };
		D5773F2D29B2ABCC000FB8A2 /* GroceryGridView.swift */ = {isa = PBXFileReference; lastKnownFileType = sourcecode.swift; path = GroceryGridView.swift; sourceTree = "<group>"; };
		D5773F3629B2B9F4000FB8A2 /* GroceryViewModel.swift */ = {isa = PBXFileReference; lastKnownFileType = sourcecode.swift; path = GroceryViewModel.swift; sourceTree = "<group>"; };
		D5773F3829B2BBD4000FB8A2 /* GroceryItemView.swift */ = {isa = PBXFileReference; lastKnownFileType = sourcecode.swift; path = GroceryItemView.swift; sourceTree = "<group>"; };
		D5773F3A29B2D05E000FB8A2 /* CategoryGridView.swift */ = {isa = PBXFileReference; lastKnownFileType = sourcecode.swift; path = CategoryGridView.swift; sourceTree = "<group>"; };
		D57D66EF29B519FB0031B219 /* DashboardView.swift */ = {isa = PBXFileReference; lastKnownFileType = sourcecode.swift; path = DashboardView.swift; sourceTree = "<group>"; };
		D57D66F129B51B0E0031B219 /* GroceryView.swift */ = {isa = PBXFileReference; lastKnownFileType = sourcecode.swift; path = GroceryView.swift; sourceTree = "<group>"; };
/* End PBXFileReference section */

/* Begin PBXFrameworksBuildPhase section */
		D5773F1129B2AADD000FB8A2 /* Frameworks */ = {
			isa = PBXFrameworksBuildPhase;
			buildActionMask = 2147483647;
			files = (
			);
			runOnlyForDeploymentPostprocessing = 0;
		};
/* End PBXFrameworksBuildPhase section */

/* Begin PBXGroup section */
		D5773F0B29B2AADD000FB8A2 = {
			isa = PBXGroup;
			children = (
				D5773F1629B2AADD000FB8A2 /* Groceries */,
				D5773F1529B2AADD000FB8A2 /* Products */,
			);
			sourceTree = "<group>";
		};
		D5773F1529B2AADD000FB8A2 /* Products */ = {
			isa = PBXGroup;
			children = (
				D5773F1429B2AADD000FB8A2 /* Groceries.app */,
			);
			name = Products;
			sourceTree = "<group>";
		};
		D5773F1629B2AADD000FB8A2 /* Groceries */ = {
			isa = PBXGroup;
			children = (
				D5773F3329B2B517000FB8A2 /* App */,
				D5773F3229B2B509000FB8A2 /* Model */,
				D5773F3129B2B4E1000FB8A2 /* Views */,
				D5773F1D29B2AADE000FB8A2 /* Preview Content */,
			);
			path = Groceries;
			sourceTree = "<group>";
		};
		D5773F1D29B2AADE000FB8A2 /* Preview Content */ = {
			isa = PBXGroup;
			children = (
				D5773F1E29B2AADE000FB8A2 /* Preview Assets.xcassets */,
			);
			path = "Preview Content";
			sourceTree = "<group>";
		};
		D5773F3129B2B4E1000FB8A2 /* Views */ = {
			isa = PBXGroup;
			children = (
				D5773F1929B2AADD000FB8A2 /* ContentView.swift */,
				D57D66EF29B519FB0031B219 /* DashboardView.swift */,
				D57D66F129B51B0E0031B219 /* GroceryView.swift */,
				D5773F3829B2BBD4000FB8A2 /* GroceryItemView.swift */,
				D5773F2D29B2ABCC000FB8A2 /* GroceryGridView.swift */,
				D5773F3A29B2D05E000FB8A2 /* CategoryGridView.swift */,
				D5773F2B29B2AB96000FB8A2 /* CategoryItemView.swift */,
				D5773F2929B2AB55000FB8A2 /* CustomNavBar.swift */,
			);
			path = Views;
			sourceTree = "<group>";
		};
		D5773F3229B2B509000FB8A2 /* Model */ = {
			isa = PBXGroup;
			children = (
				D5773F2729B2AB40000FB8A2 /* GroceryCategories.swift */,
				D5773F3629B2B9F4000FB8A2 /* GroceryViewModel.swift */,
			);
			path = Model;
			sourceTree = "<group>";
		};
		D5773F3329B2B517000FB8A2 /* App */ = {
			isa = PBXGroup;
			children = (
				D5773F1729B2AADD000FB8A2 /* GroceriesApp.swift */,
				D5773F2529B2AB29000FB8A2 /* groceryItems.json */,
				D5773F1B29B2AADE000FB8A2 /* Assets.xcassets */,
			);
			path = App;
			sourceTree = "<group>";
		};
/* End PBXGroup section */

/* Begin PBXNativeTarget section */
		D5773F1329B2AADD000FB8A2 /* Groceries */ = {
			isa = PBXNativeTarget;
			buildConfigurationList = D5773F2229B2AADE000FB8A2 /* Build configuration list for PBXNativeTarget "Groceries" */;
			buildPhases = (
				D5773F1029B2AADD000FB8A2 /* Sources */,
				D5773F1129B2AADD000FB8A2 /* Frameworks */,
				D5773F1229B2AADD000FB8A2 /* Resources */,
			);
			buildRules = (
			);
			dependencies = (
			);
			name = Groceries;
			productName = Groceries;
			productReference = D5773F1429B2AADD000FB8A2 /* Groceries.app */;
			productType = "com.apple.product-type.application";
		};
/* End PBXNativeTarget section */

/* Begin PBXProject section */
		D5773F0C29B2AADD000FB8A2 /* Project object */ = {
			isa = PBXProject;
			attributes = {
				BuildIndependentTargetsInParallel = 1;
				LastSwiftUpdateCheck = 1420;
				LastUpgradeCheck = 1420;
				TargetAttributes = {
					D5773F1329B2AADD000FB8A2 = {
						CreatedOnToolsVersion = 14.2;
					};
				};
			};
			buildConfigurationList = D5773F0F29B2AADD000FB8A2 /* Build configuration list for PBXProject "Groceries" */;
			compatibilityVersion = "Xcode 14.0";
			developmentRegion = en;
			hasScannedForEncodings = 0;
			knownRegions = (
				en,
				Base,
			);
			mainGroup = D5773F0B29B2AADD000FB8A2;
			productRefGroup = D5773F1529B2AADD000FB8A2 /* Products */;
			projectDirPath = "";
			projectRoot = "";
			targets = (
				D5773F1329B2AADD000FB8A2 /* Groceries */,
			);
		};
/* End PBXProject section */

/* Begin PBXResourcesBuildPhase section */
		D5773F1229B2AADD000FB8A2 /* Resources */ = {
			isa = PBXResourcesBuildPhase;
			buildActionMask = 2147483647;
			files = (
				D5773F1F29B2AADE000FB8A2 /* Preview Assets.xcassets in Resources */,
				D5773F2629B2AB29000FB8A2 /* groceryItems.json in Resources */,
				D5773F1C29B2AADE000FB8A2 /* Assets.xcassets in Resources */,
			);
			runOnlyForDeploymentPostprocessing = 0;
		};
/* End PBXResourcesBuildPhase section */

/* Begin PBXSourcesBuildPhase section */
		D5773F1029B2AADD000FB8A2 /* Sources */ = {
			isa = PBXSourcesBuildPhase;
			buildActionMask = 2147483647;
			files = (
				D5773F3729B2B9F4000FB8A2 /* GroceryViewModel.swift in Sources */,
				D5773F1A29B2AADD000FB8A2 /* ContentView.swift in Sources */,
				D5773F1829B2AADD000FB8A2 /* GroceriesApp.swift in Sources */,
				D5773F2E29B2ABCC000FB8A2 /* GroceryGridView.swift in Sources */,
				D5773F2A29B2AB55000FB8A2 /* CustomNavBar.swift in Sources */,
				D57D66F229B51B0E0031B219 /* GroceryView.swift in Sources */,
				D5773F2829B2AB40000FB8A2 /* GroceryCategories.swift in Sources */,
				D5773F3B29B2D05E000FB8A2 /* CategoryGridView.swift in Sources */,
				D57D66F029B519FB0031B219 /* DashboardView.swift in Sources */,
				D5773F2C29B2AB96000FB8A2 /* CategoryItemView.swift in Sources */,
				D5773F3929B2BBD4000FB8A2 /* GroceryItemView.swift in Sources */,
			);
			runOnlyForDeploymentPostprocessing = 0;
		};
/* End PBXSourcesBuildPhase section */

/* Begin XCBuildConfiguration section */
		D5773F2029B2AADE000FB8A2 /* Debug */ = {
			isa = XCBuildConfiguration;
			buildSettings = {
				ALWAYS_SEARCH_USER_PATHS = NO;
				CLANG_ANALYZER_NONNULL = YES;
				CLANG_ANALYZER_NUMBER_OBJECT_CONVERSION = YES_AGGRESSIVE;
				CLANG_CXX_LANGUAGE_STANDARD = "gnu++20";
				CLANG_ENABLE_MODULES = YES;
				CLANG_ENABLE_OBJC_ARC = YES;
				CLANG_ENABLE_OBJC_WEAK = YES;
				CLANG_WARN_BLOCK_CAPTURE_AUTORELEASING = YES;
				CLANG_WARN_BOOL_CONVERSION = YES;
				CLANG_WARN_COMMA = YES;
				CLANG_WARN_CONSTANT_CONVERSION = YES;
				CLANG_WARN_DEPRECATED_OBJC_IMPLEMENTATIONS = YES;
				CLANG_WARN_DIRECT_OBJC_ISA_USAGE = YES_ERROR;
				CLANG_WARN_DOCUMENTATION_COMMENTS = YES;
				CLANG_WARN_EMPTY_BODY = YES;
				CLANG_WARN_ENUM_CONVERSION = YES;
				CLANG_WARN_INFINITE_RECURSION = YES;
				CLANG_WARN_INT_CONVERSION = YES;
				CLANG_WARN_NON_LITERAL_NULL_CONVERSION = YES;
				CLANG_WARN_OBJC_IMPLICIT_RETAIN_SELF = YES;
				CLANG_WARN_OBJC_LITERAL_CONVERSION = YES;
				CLANG_WARN_OBJC_ROOT_CLASS = YES_ERROR;
				CLANG_WARN_QUOTED_INCLUDE_IN_FRAMEWORK_HEADER = YES;
				CLANG_WARN_RANGE_LOOP_ANALYSIS = YES;
				CLANG_WARN_STRICT_PROTOTYPES = YES;
				CLANG_WARN_SUSPICIOUS_MOVE = YES;
				CLANG_WARN_UNGUARDED_AVAILABILITY = YES_AGGRESSIVE;
				CLANG_WARN_UNREACHABLE_CODE = YES;
				CLANG_WARN__DUPLICATE_METHOD_MATCH = YES;
				COPY_PHASE_STRIP = NO;
				DEBUG_INFORMATION_FORMAT = dwarf;
				ENABLE_STRICT_OBJC_MSGSEND = YES;
				ENABLE_TESTABILITY = YES;
				GCC_C_LANGUAGE_STANDARD = gnu11;
				GCC_DYNAMIC_NO_PIC = NO;
				GCC_NO_COMMON_BLOCKS = YES;
				GCC_OPTIMIZATION_LEVEL = 0;
				GCC_PREPROCESSOR_DEFINITIONS = (
					"DEBUG=1",
					"$(inherited)",
				);
				GCC_WARN_64_TO_32_BIT_CONVERSION = YES;
				GCC_WARN_ABOUT_RETURN_TYPE = YES_ERROR;
				GCC_WARN_UNDECLARED_SELECTOR = YES;
				GCC_WARN_UNINITIALIZED_AUTOS = YES_AGGRESSIVE;
				GCC_WARN_UNUSED_FUNCTION = YES;
				GCC_WARN_UNUSED_VARIABLE = YES;
				IPHONEOS_DEPLOYMENT_TARGET = 16.2;
				MTL_ENABLE_DEBUG_INFO = INCLUDE_SOURCE;
				MTL_FAST_MATH = YES;
				ONLY_ACTIVE_ARCH = YES;
				SDKROOT = iphoneos;
				SWIFT_ACTIVE_COMPILATION_CONDITIONS = DEBUG;
				SWIFT_OPTIMIZATION_LEVEL = "-Onone";
			};
			name = Debug;
		};
		D5773F2129B2AADE000FB8A2 /* Release */ = {
			isa = XCBuildConfiguration;
			buildSettings = {
				ALWAYS_SEARCH_USER_PATHS = NO;
				CLANG_ANALYZER_NONNULL = YES;
				CLANG_ANALYZER_NUMBER_OBJECT_CONVERSION = YES_AGGRESSIVE;
				CLANG_CXX_LANGUAGE_STANDARD = "gnu++20";
				CLANG_ENABLE_MODULES = YES;
				CLANG_ENABLE_OBJC_ARC = YES;
				CLANG_ENABLE_OBJC_WEAK = YES;
				CLANG_WARN_BLOCK_CAPTURE_AUTORELEASING = YES;
				CLANG_WARN_BOOL_CONVERSION = YES;
				CLANG_WARN_COMMA = YES;
				CLANG_WARN_CONSTANT_CONVERSION = YES;
				CLANG_WARN_DEPRECATED_OBJC_IMPLEMENTATIONS = YES;
				CLANG_WARN_DIRECT_OBJC_ISA_USAGE = YES_ERROR;
				CLANG_WARN_DOCUMENTATION_COMMENTS = YES;
				CLANG_WARN_EMPTY_BODY = YES;
				CLANG_WARN_ENUM_CONVERSION = YES;
				CLANG_WARN_INFINITE_RECURSION = YES;
				CLANG_WARN_INT_CONVERSION = YES;
				CLANG_WARN_NON_LITERAL_NULL_CONVERSION = YES;
				CLANG_WARN_OBJC_IMPLICIT_RETAIN_SELF = YES;
				CLANG_WARN_OBJC_LITERAL_CONVERSION = YES;
				CLANG_WARN_OBJC_ROOT_CLASS = YES_ERROR;
				CLANG_WARN_QUOTED_INCLUDE_IN_FRAMEWORK_HEADER = YES;
				CLANG_WARN_RANGE_LOOP_ANALYSIS = YES;
				CLANG_WARN_STRICT_PROTOTYPES = YES;
				CLANG_WARN_SUSPICIOUS_MOVE = YES;
				CLANG_WARN_UNGUARDED_AVAILABILITY = YES_AGGRESSIVE;
				CLANG_WARN_UNREACHABLE_CODE = YES;
				CLANG_WARN__DUPLICATE_METHOD_MATCH = YES;
				COPY_PHASE_STRIP = NO;
				DEBUG_INFORMATION_FORMAT = "dwarf-with-dsym";
				ENABLE_NS_ASSERTIONS = NO;
				ENABLE_STRICT_OBJC_MSGSEND = YES;
				GCC_C_LANGUAGE_STANDARD = gnu11;
				GCC_NO_COMMON_BLOCKS = YES;
				GCC_WARN_64_TO_32_BIT_CONVERSION = YES;
				GCC_WARN_ABOUT_RETURN_TYPE = YES_ERROR;
				GCC_WARN_UNDECLARED_SELECTOR = YES;
				GCC_WARN_UNINITIALIZED_AUTOS = YES_AGGRESSIVE;
				GCC_WARN_UNUSED_FUNCTION = YES;
				GCC_WARN_UNUSED_VARIABLE = YES;
				IPHONEOS_DEPLOYMENT_TARGET = 16.2;
				MTL_ENABLE_DEBUG_INFO = NO;
				MTL_FAST_MATH = YES;
				SDKROOT = iphoneos;
				SWIFT_COMPILATION_MODE = wholemodule;
				SWIFT_OPTIMIZATION_LEVEL = "-O";
				VALIDATE_PRODUCT = YES;
			};
			name = Release;
		};
		D5773F2329B2AADE000FB8A2 /* Debug */ = {
			isa = XCBuildConfiguration;
			buildSettings = {
				ASSETCATALOG_COMPILER_APPICON_NAME = AppIcon;
				ASSETCATALOG_COMPILER_GLOBAL_ACCENT_COLOR_NAME = AccentColor;
				CODE_SIGN_STYLE = Automatic;
				CURRENT_PROJECT_VERSION = 1;
				DEVELOPMENT_ASSET_PATHS = "\"Groceries/Preview Content\"";
				DEVELOPMENT_TEAM = FMU733F66G;
				ENABLE_PREVIEWS = YES;
				GENERATE_INFOPLIST_FILE = YES;
				INFOPLIST_KEY_UIApplicationSceneManifest_Generation = YES;
				INFOPLIST_KEY_UIApplicationSupportsIndirectInputEvents = YES;
				INFOPLIST_KEY_UILaunchScreen_Generation = YES;
				INFOPLIST_KEY_UISupportedInterfaceOrientations_iPad = "UIInterfaceOrientationPortrait UIInterfaceOrientationPortraitUpsideDown UIInterfaceOrientationLandscapeLeft UIInterfaceOrientationLandscapeRight";
				INFOPLIST_KEY_UISupportedInterfaceOrientations_iPhone = "UIInterfaceOrientationPortrait UIInterfaceOrientationLandscapeLeft UIInterfaceOrientationLandscapeRight";
				LD_RUNPATH_SEARCH_PATHS = (
					"$(inherited)",
					"@executable_path/Frameworks",
				);
				MARKETING_VERSION = 1.0;
				PRODUCT_BUNDLE_IDENTIFIER = com.alex.Groceries;
				PRODUCT_NAME = "$(TARGET_NAME)";
				SWIFT_EMIT_LOC_STRINGS = YES;
				SWIFT_VERSION = 5.0;
				TARGETED_DEVICE_FAMILY = "1,2";
			};
			name = Debug;
		};
		D5773F2429B2AADE000FB8A2 /* Release */ = {
			isa = XCBuildConfiguration;
			buildSettings = {
				ASSETCATALOG_COMPILER_APPICON_NAME = AppIcon;
				ASSETCATALOG_COMPILER_GLOBAL_ACCENT_COLOR_NAME = AccentColor;
				CODE_SIGN_STYLE = Automatic;
				CURRENT_PROJECT_VERSION = 1;
				DEVELOPMENT_ASSET_PATHS = "\"Groceries/Preview Content\"";
				DEVELOPMENT_TEAM = FMU733F66G;
				ENABLE_PREVIEWS = YES;
				GENERATE_INFOPLIST_FILE = YES;
				INFOPLIST_KEY_UIApplicationSceneManifest_Generation = YES;
				INFOPLIST_KEY_UIApplicationSupportsIndirectInputEvents = YES;
				INFOPLIST_KEY_UILaunchScreen_Generation = YES;
				INFOPLIST_KEY_UISupportedInterfaceOrientations_iPad = "UIInterfaceOrientationPortrait UIInterfaceOrientationPortraitUpsideDown UIInterfaceOrientationLandscapeLeft UIInterfaceOrientationLandscapeRight";
				INFOPLIST_KEY_UISupportedInterfaceOrientations_iPhone = "UIInterfaceOrientationPortrait UIInterfaceOrientationLandscapeLeft UIInterfaceOrientationLandscapeRight";
				LD_RUNPATH_SEARCH_PATHS = (
					"$(inherited)",
					"@executable_path/Frameworks",
				);
				MARKETING_VERSION = 1.0;
				PRODUCT_BUNDLE_IDENTIFIER = com.alex.Groceries;
				PRODUCT_NAME = "$(TARGET_NAME)";
				SWIFT_EMIT_LOC_STRINGS = YES;
				SWIFT_VERSION = 5.0;
				TARGETED_DEVICE_FAMILY = "1,2";
			};
			name = Release;
		};
/* End XCBuildConfiguration section */

/* Begin XCConfigurationList section */
		D5773F0F29B2AADD000FB8A2 /* Build configuration list for PBXProject "Groceries" */ = {
			isa = XCConfigurationList;
			buildConfigurations = (
				D5773F2029B2AADE000FB8A2 /* Debug */,
				D5773F2129B2AADE000FB8A2 /* Release */,
			);
			defaultConfigurationIsVisible = 0;
			defaultConfigurationName = Release;
		};
		D5773F2229B2AADE000FB8A2 /* Build configuration list for PBXNativeTarget "Groceries" */ = {
			isa = XCConfigurationList;
			buildConfigurations = (
				D5773F2329B2AADE000FB8A2 /* Debug */,
				D5773F2429B2AADE000FB8A2 /* Release */,
			);
			defaultConfigurationIsVisible = 0;
			defaultConfigurationName = Release;
		};
/* End XCConfigurationList section */
	};
	rootObject = D5773F0C29B2AADD000FB8A2 /* Project object */;
}
